{
  "requires": true,
  "lockfileVersion": 1,
  "dependencies": {
    "bootstrap": {
      "version": "4.1.1",
      "resolved": "https://registry.npmjs.org/bootstrap/-/bootstrap-4.1.1.tgz",
      "integrity": "sha512-SpiDSOcbg4J/PjVSt4ny5eY6j74VbVSjROY4Fb/WIUXBV9cnb5luyR4KnPvNoXuGnBK1T+nJIWqRsvU3yP8Mcg=="
    },
    "jquery": {
      "version": "3.3.1",
      "resolved": "https://registry.npmjs.org/jquery/-/jquery-3.3.1.tgz",
      "integrity": "sha512-Ubldcmxp5np52/ENotGxlLe6aGMvmF4R8S6tZjsP6Knsaxd/xp3Zrh50cG93lR6nPXyUFwzN3ZSOQI0wRJNdGg=="
    },
    "startbootstrap-heroic-features": {
      "version": "4.1.1",
      "resolved": "https://registry.npmjs.org/startbootstrap-heroic-features/-/startbootstrap-heroic-features-4.1.1.tgz",
      "integrity": "sha512-oB8oGj3/H2y8M7tRb6FD83qhskKY7jONMmoC84pfPA78ZJp0SOgNBBolS7NbwDydEidzxyZLi7pUKCSxi2UveQ==",
      "requires": {
        "bootstrap": "4.1.1",
        "jquery": "3.3.1"
      }
    },
    "testrpc": {
      "version": "0.0.1",
      "resolved": "https://registry.npmjs.org/testrpc/-/testrpc-0.0.1.tgz",
      "integrity": "sha512-afH1hO+SQ/VPlmaLUFj2636QMeDvPCeQMc/9RBMW0IfjNe9gFD9Ra3ShqYkB7py0do1ZcCna/9acHyzTJ+GcNA=="
    }
  }
}
